
Microsoft Visual Studio Solution File, Format Version 12.00
# Visual Studio Version 17
VisualStudioVersion = 17.2.32516.85
MinimumVisualStudioVersion = 10.0.40219.1
Project("{FAE04EC0-301F-11D3-BF4B-00C04F79EFBC}") = "OcelotGateway", "OcelotGateway\OcelotGateway.csproj", "{766707B0-E68E-4B20-8135-7730A9A375F8}"
EndProject
Global
	GlobalSection(SolutionConfigurationPlatforms) = preSolution
		Debug|Any CPU = Debug|Any CPU
		Release|Any CPU = Release|Any CPU
	EndGlobalSection
	GlobalSection(ProjectConfigurationPlatforms) = postSolution
		{766707B0-E68E-4B20-8135-7730A9A375F8}.Debug|Any CPU.ActiveCfg = Debug|Any CPU
		{766707B0-E68E-4B20-8135-7730A9A375F8}.Debug|Any CPU.Build.0 = Debug|Any CPU
		{766707B0-E68E-4B20-8135-7730A9A375F8}.Release|Any CPU.ActiveCfg = Release|Any CPU
		{766707B0-E68E-4B20-8135-7730A9A375F8}.Release|Any CPU.Build.0 = Release|Any CPU
	EndGlobalSection
	GlobalSection(SolutionProperties) = preSolution
		HideSolutionNode = FALSE
	EndGlobalSection
	GlobalSection(ExtensibilityGlobals) = postSolution
		SolutionGuid = {ED0B05FD-4B2D-423A-8BDE-2EEC4FE95D24}
	EndGlobalSection
EndGlobal
